// !$*UTF8*$!
{
	archiveVersion = 1;
	classes = {
	};
	objectVersion = 55;
	objects = {

/* Begin PBXBuildFile section */
		3B779CE72849F965004CC9CA /* AppDelegate.swift in Sources */ = {isa = PBXBuildFile; fileRef = 3B779CE62849F965004CC9CA /* AppDelegate.swift */; };
		3B779CE92849F965004CC9CA /* SceneDelegate.swift in Sources */ = {isa = PBXBuildFile; fileRef = 3B779CE82849F965004CC9CA /* SceneDelegate.swift */; };
		3B779CEB2849F965004CC9CA /* CharacterListViewController.swift in Sources */ = {isa = PBXBuildFile; fileRef = 3B779CEA2849F965004CC9CA /* CharacterListViewController.swift */; };
		3B779CEE2849F965004CC9CA /* Main.storyboard in Resources */ = {isa = PBXBuildFile; fileRef = 3B779CEC2849F965004CC9CA /* Main.storyboard */; };
		3B779CF02849F969004CC9CA /* Assets.xcassets in Resources */ = {isa = PBXBuildFile; fileRef = 3B779CEF2849F969004CC9CA /* Assets.xcassets */; };
		3B779CF32849F969004CC9CA /* LaunchScreen.storyboard in Resources */ = {isa = PBXBuildFile; fileRef = 3B779CF12849F969004CC9CA /* LaunchScreen.storyboard */; };
		3B779CFC2849FB49004CC9CA /* Coordinator.swift in Sources */ = {isa = PBXBuildFile; fileRef = 3B779CFB2849FB49004CC9CA /* Coordinator.swift */; };
		3B779CFF2849FBC8004CC9CA /* StoryBoarded.swift in Sources */ = {isa = PBXBuildFile; fileRef = 3B779CFE2849FBC8004CC9CA /* StoryBoarded.swift */; };
		3B779D032849FD7D004CC9CA /* MainCoordinator.swift in Sources */ = {isa = PBXBuildFile; fileRef = 3B779D022849FD7D004CC9CA /* MainCoordinator.swift */; };
		3B779D06284A0305004CC9CA /* Character.swift in Sources */ = {isa = PBXBuildFile; fileRef = 3B779D05284A0305004CC9CA /* Character.swift */; };
		3B779D0A284A03DE004CC9CA /* CharacterResponse.swift in Sources */ = {isa = PBXBuildFile; fileRef = 3B779D09284A03DE004CC9CA /* CharacterResponse.swift */; };
		3B779D0C284A085C004CC9CA /* APIManager.swift in Sources */ = {isa = PBXBuildFile; fileRef = 3B779D0B284A085C004CC9CA /* APIManager.swift */; };
		3B779D0E284A0FC2004CC9CA /* CharacterListViewModel.swift in Sources */ = {isa = PBXBuildFile; fileRef = 3B779D0D284A0FC2004CC9CA /* CharacterListViewModel.swift */; };
		3B779D13284A1B4C004CC9CA /* CharacterCollectionViewCell.swift in Sources */ = {isa = PBXBuildFile; fileRef = 3B779D11284A1B4C004CC9CA /* CharacterCollectionViewCell.swift */; };
		3B779D14284A1B4C004CC9CA /* CharacterCollectionViewCell.xib in Resources */ = {isa = PBXBuildFile; fileRef = 3B779D12284A1B4C004CC9CA /* CharacterCollectionViewCell.xib */; };
		3B779D16284A1DBF004CC9CA /* CustomUIVIew.swift in Sources */ = {isa = PBXBuildFile; fileRef = 3B779D15284A1DBF004CC9CA /* CustomUIVIew.swift */; };
		3B779D18284A1DF9004CC9CA /* CustomImageView.swift in Sources */ = {isa = PBXBuildFile; fileRef = 3B779D17284A1DF9004CC9CA /* CustomImageView.swift */; };
		3B779D1B284A5752004CC9CA /* RoundImageView.swift in Sources */ = {isa = PBXBuildFile; fileRef = 3B779D1A284A5752004CC9CA /* RoundImageView.swift */; };
		3B779D1D284A5EE5004CC9CA /* ImageCache.swift in Sources */ = {isa = PBXBuildFile; fileRef = 3B779D1C284A5EE5004CC9CA /* ImageCache.swift */; };
		3B779D20284A6303004CC9CA /* EpisodesViewController.swift in Sources */ = {isa = PBXBuildFile; fileRef = 3B779D1F284A6303004CC9CA /* EpisodesViewController.swift */; };
		3B779D22284A6317004CC9CA /* EpisodesViewModel.swift in Sources */ = {isa = PBXBuildFile; fileRef = 3B779D21284A6317004CC9CA /* EpisodesViewModel.swift */; };
/* End PBXBuildFile section */

/* Begin PBXFileReference section */
		3B779CE32849F965004CC9CA /* Ricky+Morty.app */ = {isa = PBXFileReference; explicitFileType = wrapper.application; includeInIndex = 0; path = "Ricky+Morty.app"; sourceTree = BUILT_PRODUCTS_DIR; };
		3B779CE62849F965004CC9CA /* AppDelegate.swift */ = {isa = PBXFileReference; lastKnownFileType = sourcecode.swift; path = AppDelegate.swift; sourceTree = "<group>"; };
		3B779CE82849F965004CC9CA /* SceneDelegate.swift */ = {isa = PBXFileReference; lastKnownFileType = sourcecode.swift; path = SceneDelegate.swift; sourceTree = "<group>"; };
		3B779CEA2849F965004CC9CA /* CharacterListViewController.swift */ = {isa = PBXFileReference; lastKnownFileType = sourcecode.swift; path = CharacterListViewController.swift; sourceTree = "<group>"; };
		3B779CED2849F965004CC9CA /* Base */ = {isa = PBXFileReference; lastKnownFileType = file.storyboard; name = Base; path = Base.lproj/Main.storyboard; sourceTree = "<group>"; };
		3B779CEF2849F969004CC9CA /* Assets.xcassets */ = {isa = PBXFileReference; lastKnownFileType = folder.assetcatalog; path = Assets.xcassets; sourceTree = "<group>"; };
		3B779CF22849F969004CC9CA /* Base */ = {isa = PBXFileReference; lastKnownFileType = file.storyboard; name = Base; path = Base.lproj/LaunchScreen.storyboard; sourceTree = "<group>"; };
		3B779CF42849F969004CC9CA /* Info.plist */ = {isa = PBXFileReference; lastKnownFileType = text.plist.xml; path = Info.plist; sourceTree = "<group>"; };
		3B779CFB2849FB49004CC9CA /* Coordinator.swift */ = {isa = PBXFileReference; lastKnownFileType = sourcecode.swift; path = Coordinator.swift; sourceTree = "<group>"; };
		3B779CFE2849FBC8004CC9CA /* StoryBoarded.swift */ = {isa = PBXFileReference; lastKnownFileType = sourcecode.swift; path = StoryBoarded.swift; sourceTree = "<group>"; };
		3B779D022849FD7D004CC9CA /* MainCoordinator.swift */ = {isa = PBXFileReference; lastKnownFileType = sourcecode.swift; path = MainCoordinator.swift; sourceTree = "<group>"; };
		3B779D05284A0305004CC9CA /* Character.swift */ = {isa = PBXFileReference; lastKnownFileType = sourcecode.swift; path = Character.swift; sourceTree = "<group>"; };
		3B779D09284A03DE004CC9CA /* CharacterResponse.swift */ = {isa = PBXFileReference; lastKnownFileType = sourcecode.swift; path = CharacterResponse.swift; sourceTree = "<group>"; };
		3B779D0B284A085C004CC9CA /* APIManager.swift */ = {isa = PBXFileReference; lastKnownFileType = sourcecode.swift; path = APIManager.swift; sourceTree = "<group>"; };
		3B779D0D284A0FC2004CC9CA /* CharacterListViewModel.swift */ = {isa = PBXFileReference; lastKnownFileType = sourcecode.swift; path = CharacterListViewModel.swift; sourceTree = "<group>"; };
		3B779D11284A1B4C004CC9CA /* CharacterCollectionViewCell.swift */ = {isa = PBXFileReference; lastKnownFileType = sourcecode.swift; path = CharacterCollectionViewCell.swift; sourceTree = "<group>"; };
		3B779D12284A1B4C004CC9CA /* CharacterCollectionViewCell.xib */ = {isa = PBXFileReference; lastKnownFileType = file.xib; path = CharacterCollectionViewCell.xib; sourceTree = "<group>"; };
		3B779D15284A1DBF004CC9CA /* CustomUIVIew.swift */ = {isa = PBXFileReference; lastKnownFileType = sourcecode.swift; path = CustomUIVIew.swift; sourceTree = "<group>"; };
		3B779D17284A1DF9004CC9CA /* CustomImageView.swift */ = {isa = PBXFileReference; lastKnownFileType = sourcecode.swift; path = CustomImageView.swift; sourceTree = "<group>"; };
		3B779D1A284A5752004CC9CA /* RoundImageView.swift */ = {isa = PBXFileReference; lastKnownFileType = sourcecode.swift; path = RoundImageView.swift; sourceTree = "<group>"; };
		3B779D1C284A5EE5004CC9CA /* ImageCache.swift */ = {isa = PBXFileReference; lastKnownFileType = sourcecode.swift; path = ImageCache.swift; sourceTree = "<group>"; };
		3B779D1F284A6303004CC9CA /* EpisodesViewController.swift */ = {isa = PBXFileReference; lastKnownFileType = sourcecode.swift; path = EpisodesViewController.swift; sourceTree = "<group>"; };
		3B779D21284A6317004CC9CA /* EpisodesViewModel.swift */ = {isa = PBXFileReference; lastKnownFileType = sourcecode.swift; path = EpisodesViewModel.swift; sourceTree = "<group>"; };
/* End PBXFileReference section */

/* Begin PBXFrameworksBuildPhase section */
		3B779CE02849F965004CC9CA /* Frameworks */ = {
			isa = PBXFrameworksBuildPhase;
			buildActionMask = 2147483647;
			files = (
			);
			runOnlyForDeploymentPostprocessing = 0;
		};
/* End PBXFrameworksBuildPhase section */

/* Begin PBXGroup section */
		3B779CDA2849F965004CC9CA = {
			isa = PBXGroup;
			children = (
				3B779CE52849F965004CC9CA /* Ricky+Morty */,
				3B779CE42849F965004CC9CA /* Products */,
			);
			sourceTree = "<group>";
		};
		3B779CE42849F965004CC9CA /* Products */ = {
			isa = PBXGroup;
			children = (
				3B779CE32849F965004CC9CA /* Ricky+Morty.app */,
			);
			name = Products;
			sourceTree = "<group>";
		};
		3B779CE52849F965004CC9CA /* Ricky+Morty */ = {
			isa = PBXGroup;
			children = (
				3B779D0F284A1B34004CC9CA /* CustomViews */,
				3B779D07284A03CA004CC9CA /* Data */,
				3B779D04284A02F2004CC9CA /* Entities */,
				3B779D002849FD3E004CC9CA /* Modules */,
				3B779CFD2849FBAC004CC9CA /* Helpers */,
				3B779CFA2849FB39004CC9CA /* Coordinators */,
				3B779CE62849F965004CC9CA /* AppDelegate.swift */,
				3B779CE82849F965004CC9CA /* SceneDelegate.swift */,
				3B779CEC2849F965004CC9CA /* Main.storyboard */,
				3B779CEF2849F969004CC9CA /* Assets.xcassets */,
				3B779CF12849F969004CC9CA /* LaunchScreen.storyboard */,
				3B779CF42849F969004CC9CA /* Info.plist */,
			);
			path = "Ricky+Morty";
			sourceTree = "<group>";
		};
		3B779CFA2849FB39004CC9CA /* Coordinators */ = {
			isa = PBXGroup;
			children = (
				3B779CFB2849FB49004CC9CA /* Coordinator.swift */,
				3B779D022849FD7D004CC9CA /* MainCoordinator.swift */,
			);
			path = Coordinators;
			sourceTree = "<group>";
		};
		3B779CFD2849FBAC004CC9CA /* Helpers */ = {
			isa = PBXGroup;
			children = (
				3B779CFE2849FBC8004CC9CA /* StoryBoarded.swift */,
				3B779D15284A1DBF004CC9CA /* CustomUIVIew.swift */,
				3B779D17284A1DF9004CC9CA /* CustomImageView.swift */,
				3B779D1C284A5EE5004CC9CA /* ImageCache.swift */,
			);
			path = Helpers;
			sourceTree = "<group>";
		};
		3B779D002849FD3E004CC9CA /* Modules */ = {
			isa = PBXGroup;
			children = (
				3B779D1E284A62EF004CC9CA /* Episodes */,
				3B779D012849FD4F004CC9CA /* CharacterList */,
			);
			path = Modules;
			sourceTree = "<group>";
		};
		3B779D012849FD4F004CC9CA /* CharacterList */ = {
			isa = PBXGroup;
			children = (
				3B779CEA2849F965004CC9CA /* CharacterListViewController.swift */,
				3B779D0D284A0FC2004CC9CA /* CharacterListViewModel.swift */,
			);
			path = CharacterList;
			sourceTree = "<group>";
		};
		3B779D04284A02F2004CC9CA /* Entities */ = {
			isa = PBXGroup;
			children = (
				3B779D05284A0305004CC9CA /* Character.swift */,
			);
			path = Entities;
			sourceTree = "<group>";
		};
		3B779D07284A03CA004CC9CA /* Data */ = {
			isa = PBXGroup;
			children = (
				3B779D08284A03CF004CC9CA /* Model */,
				3B779D0B284A085C004CC9CA /* APIManager.swift */,
			);
			path = Data;
			sourceTree = "<group>";
		};
		3B779D08284A03CF004CC9CA /* Model */ = {
			isa = PBXGroup;
			children = (
				3B779D09284A03DE004CC9CA /* CharacterResponse.swift */,
			);
			path = Model;
			sourceTree = "<group>";
		};
		3B779D0F284A1B34004CC9CA /* CustomViews */ = {
			isa = PBXGroup;
			children = (
				3B779D19284A5737004CC9CA /* Image */,
				3B779D10284A1B39004CC9CA /* Cells */,
			);
			path = CustomViews;
			sourceTree = "<group>";
		};
		3B779D10284A1B39004CC9CA /* Cells */ = {
			isa = PBXGroup;
			children = (
				3B779D11284A1B4C004CC9CA /* CharacterCollectionViewCell.swift */,
				3B779D12284A1B4C004CC9CA /* CharacterCollectionViewCell.xib */,
			);
			path = Cells;
			sourceTree = "<group>";
		};
		3B779D19284A5737004CC9CA /* Image */ = {
			isa = PBXGroup;
			children = (
				3B779D1A284A5752004CC9CA /* RoundImageView.swift */,
			);
			path = Image;
			sourceTree = "<group>";
		};
		3B779D1E284A62EF004CC9CA /* Episodes */ = {
			isa = PBXGroup;
			children = (
				3B779D1F284A6303004CC9CA /* EpisodesViewController.swift */,
				3B779D21284A6317004CC9CA /* EpisodesViewModel.swift */,
			);
			path = Episodes;
			sourceTree = "<group>";
		};
/* End PBXGroup section */

/* Begin PBXNativeTarget section */
		3B779CE22849F965004CC9CA /* Ricky+Morty */ = {
			isa = PBXNativeTarget;
			buildConfigurationList = 3B779CF72849F969004CC9CA /* Build configuration list for PBXNativeTarget "Ricky+Morty" */;
			buildPhases = (
				3B779CDF2849F965004CC9CA /* Sources */,
				3B779CE02849F965004CC9CA /* Frameworks */,
				3B779CE12849F965004CC9CA /* Resources */,
			);
			buildRules = (
			);
			dependencies = (
			);
			name = "Ricky+Morty";
			productName = "Ricky+Morty";
			productReference = 3B779CE32849F965004CC9CA /* Ricky+Morty.app */;
			productType = "com.apple.product-type.application";
		};
/* End PBXNativeTarget section */

/* Begin PBXProject section */
		3B779CDB2849F965004CC9CA /* Project object */ = {
			isa = PBXProject;
			attributes = {
				BuildIndependentTargetsInParallel = 1;
				LastSwiftUpdateCheck = 1330;
				LastUpgradeCheck = 1330;
				TargetAttributes = {
					3B779CE22849F965004CC9CA = {
						CreatedOnToolsVersion = 13.3;
					};
				};
			};
			buildConfigurationList = 3B779CDE2849F965004CC9CA /* Build configuration list for PBXProject "Ricky+Morty" */;
			compatibilityVersion = "Xcode 13.0";
			developmentRegion = en;
			hasScannedForEncodings = 0;
			knownRegions = (
				en,
				Base,
			);
			mainGroup = 3B779CDA2849F965004CC9CA;
			productRefGroup = 3B779CE42849F965004CC9CA /* Products */;
			projectDirPath = "";
			projectRoot = "";
			targets = (
				3B779CE22849F965004CC9CA /* Ricky+Morty */,
			);
		};
/* End PBXProject section */

/* Begin PBXResourcesBuildPhase section */
		3B779CE12849F965004CC9CA /* Resources */ = {
			isa = PBXResourcesBuildPhase;
			buildActionMask = 2147483647;
			files = (
				3B779D14284A1B4C004CC9CA /* CharacterCollectionViewCell.xib in Resources */,
				3B779CF32849F969004CC9CA /* LaunchScreen.storyboard in Resources */,
				3B779CF02849F969004CC9CA /* Assets.xcassets in Resources */,
				3B779CEE2849F965004CC9CA /* Main.storyboard in Resources */,
			);
			runOnlyForDeploymentPostprocessing = 0;
		};
/* End PBXResourcesBuildPhase section */

/* Begin PBXSourcesBuildPhase section */
		3B779CDF2849F965004CC9CA /* Sources */ = {
			isa = PBXSourcesBuildPhase;
			buildActionMask = 2147483647;
			files = (
				3B779D1D284A5EE5004CC9CA /* ImageCache.swift in Sources */,
				3B779CFF2849FBC8004CC9CA /* StoryBoarded.swift in Sources */,
				3B779D20284A6303004CC9CA /* EpisodesViewController.swift in Sources */,
				3B779D032849FD7D004CC9CA /* MainCoordinator.swift in Sources */,
				3B779D06284A0305004CC9CA /* Character.swift in Sources */,
				3B779D0C284A085C004CC9CA /* APIManager.swift in Sources */,
				3B779CEB2849F965004CC9CA /* CharacterListViewController.swift in Sources */,
				3B779D16284A1DBF004CC9CA /* CustomUIVIew.swift in Sources */,
				3B779CFC2849FB49004CC9CA /* Coordinator.swift in Sources */,
				3B779CE72849F965004CC9CA /* AppDelegate.swift in Sources */,
				3B779D0A284A03DE004CC9CA /* CharacterResponse.swift in Sources */,
				3B779D22284A6317004CC9CA /* EpisodesViewModel.swift in Sources */,
				3B779D0E284A0FC2004CC9CA /* CharacterListViewModel.swift in Sources */,
				3B779D13284A1B4C004CC9CA /* CharacterCollectionViewCell.swift in Sources */,
				3B779D1B284A5752004CC9CA /* RoundImageView.swift in Sources */,
				3B779CE92849F965004CC9CA /* SceneDelegate.swift in Sources */,
				3B779D18284A1DF9004CC9CA /* CustomImageView.swift in Sources */,
			);
			runOnlyForDeploymentPostprocessing = 0;
		};
/* End PBXSourcesBuildPhase section */

/* Begin PBXVariantGroup section */
		3B779CEC2849F965004CC9CA /* Main.storyboard */ = {
			isa = PBXVariantGroup;
			children = (
				3B779CED2849F965004CC9CA /* Base */,
			);
			name = Main.storyboard;
			sourceTree = "<group>";
		};
		3B779CF12849F969004CC9CA /* LaunchScreen.storyboard */ = {
			isa = PBXVariantGroup;
			children = (
				3B779CF22849F969004CC9CA /* Base */,
			);
			name = LaunchScreen.storyboard;
			sourceTree = "<group>";
		};
/* End PBXVariantGroup section */

/* Begin XCBuildConfiguration section */
		3B779CF52849F969004CC9CA /* Debug */ = {
			isa = XCBuildConfiguration;
			buildSettings = {
				ALWAYS_SEARCH_USER_PATHS = NO;
				CLANG_ANALYZER_NONNULL = YES;
				CLANG_ANALYZER_NUMBER_OBJECT_CONVERSION = YES_AGGRESSIVE;
				CLANG_CXX_LANGUAGE_STANDARD = "gnu++17";
				CLANG_ENABLE_MODULES = YES;
				CLANG_ENABLE_OBJC_ARC = YES;
				CLANG_ENABLE_OBJC_WEAK = YES;
				CLANG_WARN_BLOCK_CAPTURE_AUTORELEASING = YES;
				CLANG_WARN_BOOL_CONVERSION = YES;
				CLANG_WARN_COMMA = YES;
				CLANG_WARN_CONSTANT_CONVERSION = YES;
				CLANG_WARN_DEPRECATED_OBJC_IMPLEMENTATIONS = YES;
				CLANG_WARN_DIRECT_OBJC_ISA_USAGE = YES_ERROR;
				CLANG_WARN_DOCUMENTATION_COMMENTS = YES;
				CLANG_WARN_EMPTY_BODY = YES;
				CLANG_WARN_ENUM_CONVERSION = YES;
				CLANG_WARN_INFINITE_RECURSION = YES;
				CLANG_WARN_INT_CONVERSION = YES;
				CLANG_WARN_NON_LITERAL_NULL_CONVERSION = YES;
				CLANG_WARN_OBJC_IMPLICIT_RETAIN_SELF = YES;
				CLANG_WARN_OBJC_LITERAL_CONVERSION = YES;
				CLANG_WARN_OBJC_ROOT_CLASS = YES_ERROR;
				CLANG_WARN_QUOTED_INCLUDE_IN_FRAMEWORK_HEADER = YES;
				CLANG_WARN_RANGE_LOOP_ANALYSIS = YES;
				CLANG_WARN_STRICT_PROTOTYPES = YES;
				CLANG_WARN_SUSPICIOUS_MOVE = YES;
				CLANG_WARN_UNGUARDED_AVAILABILITY = YES_AGGRESSIVE;
				CLANG_WARN_UNREACHABLE_CODE = YES;
				CLANG_WARN__DUPLICATE_METHOD_MATCH = YES;
				COPY_PHASE_STRIP = NO;
				DEBUG_INFORMATION_FORMAT = dwarf;
				ENABLE_STRICT_OBJC_MSGSEND = YES;
				ENABLE_TESTABILITY = YES;
				GCC_C_LANGUAGE_STANDARD = gnu11;
				GCC_DYNAMIC_NO_PIC = NO;
				GCC_NO_COMMON_BLOCKS = YES;
				GCC_OPTIMIZATION_LEVEL = 0;
				GCC_PREPROCESSOR_DEFINITIONS = (
					"DEBUG=1",
					"$(inherited)",
				);
				GCC_WARN_64_TO_32_BIT_CONVERSION = YES;
				GCC_WARN_ABOUT_RETURN_TYPE = YES_ERROR;
				GCC_WARN_UNDECLARED_SELECTOR = YES;
				GCC_WARN_UNINITIALIZED_AUTOS = YES_AGGRESSIVE;
				GCC_WARN_UNUSED_FUNCTION = YES;
				GCC_WARN_UNUSED_VARIABLE = YES;
				IPHONEOS_DEPLOYMENT_TARGET = 15.4;
				MTL_ENABLE_DEBUG_INFO = INCLUDE_SOURCE;
				MTL_FAST_MATH = YES;
				ONLY_ACTIVE_ARCH = YES;
				SDKROOT = iphoneos;
				SWIFT_ACTIVE_COMPILATION_CONDITIONS = DEBUG;
				SWIFT_OPTIMIZATION_LEVEL = "-Onone";
			};
			name = Debug;
		};
		3B779CF62849F969004CC9CA /* Release */ = {
			isa = XCBuildConfiguration;
			buildSettings = {
				ALWAYS_SEARCH_USER_PATHS = NO;
				CLANG_ANALYZER_NONNULL = YES;
				CLANG_ANALYZER_NUMBER_OBJECT_CONVERSION = YES_AGGRESSIVE;
				CLANG_CXX_LANGUAGE_STANDARD = "gnu++17";
				CLANG_ENABLE_MODULES = YES;
				CLANG_ENABLE_OBJC_ARC = YES;
				CLANG_ENABLE_OBJC_WEAK = YES;
				CLANG_WARN_BLOCK_CAPTURE_AUTORELEASING = YES;
				CLANG_WARN_BOOL_CONVERSION = YES;
				CLANG_WARN_COMMA = YES;
				CLANG_WARN_CONSTANT_CONVERSION = YES;
				CLANG_WARN_DEPRECATED_OBJC_IMPLEMENTATIONS = YES;
				CLANG_WARN_DIRECT_OBJC_ISA_USAGE = YES_ERROR;
				CLANG_WARN_DOCUMENTATION_COMMENTS = YES;
				CLANG_WARN_EMPTY_BODY = YES;
				CLANG_WARN_ENUM_CONVERSION = YES;
				CLANG_WARN_INFINITE_RECURSION = YES;
				CLANG_WARN_INT_CONVERSION = YES;
				CLANG_WARN_NON_LITERAL_NULL_CONVERSION = YES;
				CLANG_WARN_OBJC_IMPLICIT_RETAIN_SELF = YES;
				CLANG_WARN_OBJC_LITERAL_CONVERSION = YES;
				CLANG_WARN_OBJC_ROOT_CLASS = YES_ERROR;
				CLANG_WARN_QUOTED_INCLUDE_IN_FRAMEWORK_HEADER = YES;
				CLANG_WARN_RANGE_LOOP_ANALYSIS = YES;
				CLANG_WARN_STRICT_PROTOTYPES = YES;
				CLANG_WARN_SUSPICIOUS_MOVE = YES;
				CLANG_WARN_UNGUARDED_AVAILABILITY = YES_AGGRESSIVE;
				CLANG_WARN_UNREACHABLE_CODE = YES;
				CLANG_WARN__DUPLICATE_METHOD_MATCH = YES;
				COPY_PHASE_STRIP = NO;
				DEBUG_INFORMATION_FORMAT = "dwarf-with-dsym";
				ENABLE_NS_ASSERTIONS = NO;
				ENABLE_STRICT_OBJC_MSGSEND = YES;
				GCC_C_LANGUAGE_STANDARD = gnu11;
				GCC_NO_COMMON_BLOCKS = YES;
				GCC_WARN_64_TO_32_BIT_CONVERSION = YES;
				GCC_WARN_ABOUT_RETURN_TYPE = YES_ERROR;
				GCC_WARN_UNDECLARED_SELECTOR = YES;
				GCC_WARN_UNINITIALIZED_AUTOS = YES_AGGRESSIVE;
				GCC_WARN_UNUSED_FUNCTION = YES;
				GCC_WARN_UNUSED_VARIABLE = YES;
				IPHONEOS_DEPLOYMENT_TARGET = 15.4;
				MTL_ENABLE_DEBUG_INFO = NO;
				MTL_FAST_MATH = YES;
				SDKROOT = iphoneos;
				SWIFT_COMPILATION_MODE = wholemodule;
				SWIFT_OPTIMIZATION_LEVEL = "-O";
				VALIDATE_PRODUCT = YES;
			};
			name = Release;
		};
		3B779CF82849F969004CC9CA /* Debug */ = {
			isa = XCBuildConfiguration;
			buildSettings = {
				ASSETCATALOG_COMPILER_APPICON_NAME = AppIcon;
				ASSETCATALOG_COMPILER_GLOBAL_ACCENT_COLOR_NAME = AccentColor;
				CODE_SIGN_STYLE = Automatic;
				CURRENT_PROJECT_VERSION = 1;
				DEVELOPMENT_TEAM = FRYUHUUWUH;
				GENERATE_INFOPLIST_FILE = YES;
				INFOPLIST_FILE = "Ricky+Morty/Info.plist";
				INFOPLIST_KEY_UIApplicationSupportsIndirectInputEvents = YES;
				INFOPLIST_KEY_UILaunchStoryboardName = LaunchScreen;
				INFOPLIST_KEY_UISupportedInterfaceOrientations = UIInterfaceOrientationPortrait;
				INFOPLIST_KEY_UISupportedInterfaceOrientations_iPad = "UIInterfaceOrientationPortrait UIInterfaceOrientationPortraitUpsideDown UIInterfaceOrientationLandscapeLeft UIInterfaceOrientationLandscapeRight";
				INFOPLIST_KEY_UISupportedInterfaceOrientations_iPhone = "UIInterfaceOrientationPortrait UIInterfaceOrientationLandscapeLeft UIInterfaceOrientationLandscapeRight";
				IPHONEOS_DEPLOYMENT_TARGET = 15.0;
				LD_RUNPATH_SEARCH_PATHS = (
					"$(inherited)",
					"@executable_path/Frameworks",
				);
				MARKETING_VERSION = 1.0;
				PRODUCT_BUNDLE_IDENTIFIER = "com.sotik.Ricky-Morty";
				PRODUCT_NAME = "$(TARGET_NAME)";
				SWIFT_EMIT_LOC_STRINGS = YES;
				SWIFT_VERSION = 5.0;
				TARGETED_DEVICE_FAMILY = 1;
			};
			name = Debug;
		};
		3B779CF92849F969004CC9CA /* Release */ = {
			isa = XCBuildConfiguration;
			buildSettings = {
				ASSETCATALOG_COMPILER_APPICON_NAME = AppIcon;
				ASSETCATALOG_COMPILER_GLOBAL_ACCENT_COLOR_NAME = AccentColor;
				CODE_SIGN_STYLE = Automatic;
				CURRENT_PROJECT_VERSION = 1;
				DEVELOPMENT_TEAM = FRYUHUUWUH;
				GENERATE_INFOPLIST_FILE = YES;
				INFOPLIST_FILE = "Ricky+Morty/Info.plist";
				INFOPLIST_KEY_UIApplicationSupportsIndirectInputEvents = YES;
				INFOPLIST_KEY_UILaunchStoryboardName = LaunchScreen;
				INFOPLIST_KEY_UISupportedInterfaceOrientations = UIInterfaceOrientationPortrait;
				INFOPLIST_KEY_UISupportedInterfaceOrientations_iPad = "UIInterfaceOrientationPortrait UIInterfaceOrientationPortraitUpsideDown UIInterfaceOrientationLandscapeLeft UIInterfaceOrientationLandscapeRight";
				INFOPLIST_KEY_UISupportedInterfaceOrientations_iPhone = "UIInterfaceOrientationPortrait UIInterfaceOrientationLandscapeLeft UIInterfaceOrientationLandscapeRight";
				IPHONEOS_DEPLOYMENT_TARGET = 15.0;
				LD_RUNPATH_SEARCH_PATHS = (
					"$(inherited)",
					"@executable_path/Frameworks",
				);
				MARKETING_VERSION = 1.0;
				PRODUCT_BUNDLE_IDENTIFIER = "com.sotik.Ricky-Morty";
				PRODUCT_NAME = "$(TARGET_NAME)";
				SWIFT_EMIT_LOC_STRINGS = YES;
				SWIFT_VERSION = 5.0;
				TARGETED_DEVICE_FAMILY = 1;
			};
			name = Release;
		};
/* End XCBuildConfiguration section */

/* Begin XCConfigurationList section */
		3B779CDE2849F965004CC9CA /* Build configuration list for PBXProject "Ricky+Morty" */ = {
			isa = XCConfigurationList;
			buildConfigurations = (
				3B779CF52849F969004CC9CA /* Debug */,
				3B779CF62849F969004CC9CA /* Release */,
			);
			defaultConfigurationIsVisible = 0;
			defaultConfigurationName = Release;
		};
		3B779CF72849F969004CC9CA /* Build configuration list for PBXNativeTarget "Ricky+Morty" */ = {
			isa = XCConfigurationList;
			buildConfigurations = (
				3B779CF82849F969004CC9CA /* Debug */,
				3B779CF92849F969004CC9CA /* Release */,
			);
			defaultConfigurationIsVisible = 0;
			defaultConfigurationName = Release;
		};
/* End XCConfigurationList section */
	};
	rootObject = 3B779CDB2849F965004CC9CA /* Project object */;
}
